// !$*UTF8*$!
{
	archiveVersion = 1;
	classes = {
	};
	objectVersion = 48;
	objects = {

/* Begin PBXBuildFile section */
		16F84E921EFE048A00B04381 /* AppDelegate.swift in Sources */ = {isa = PBXBuildFile; fileRef = 16F84E911EFE048A00B04381 /* AppDelegate.swift */; };
		16F84E941EFE048A00B04381 /* ViewController.swift in Sources */ = {isa = PBXBuildFile; fileRef = 16F84E931EFE048A00B04381 /* ViewController.swift */; };
		16F84E971EFE048A00B04381 /* Main.storyboard in Resources */ = {isa = PBXBuildFile; fileRef = 16F84E951EFE048A00B04381 /* Main.storyboard */; };
		16F84E991EFE048A00B04381 /* Assets.xcassets in Resources */ = {isa = PBXBuildFile; fileRef = 16F84E981EFE048A00B04381 /* Assets.xcassets */; };
		16F84E9C1EFE048B00B04381 /* LaunchScreen.storyboard in Resources */ = {isa = PBXBuildFile; fileRef = 16F84E9A1EFE048B00B04381 /* LaunchScreen.storyboard */; };
/* End PBXBuildFile section */

/* Begin PBXFileReference section */
		16F84E8E1EFE048A00B04381 /* uint128-test.app */ = {isa = PBXFileReference; explicitFileType = wrapper.application; includeInIndex = 0; path = "uint128-test.app"; sourceTree = BUILT_PRODUCTS_DIR; };
		16F84E911EFE048A00B04381 /* AppDelegate.swift */ = {isa = PBXFileReference; lastKnownFileType = sourcecode.swift; path = AppDelegate.swift; sourceTree = "<group>"; };
		16F84E931EFE048A00B04381 /* ViewController.swift */ = {isa = PBXFileReference; lastKnownFileType = sourcecode.swift; path = ViewController.swift; sourceTree = "<group>"; };
		16F84E961EFE048A00B04381 /* Base */ = {isa = PBXFileReference; lastKnownFileType = file.storyboard; name = Base; path = Base.lproj/Main.storyboard; sourceTree = "<group>"; };
		16F84E981EFE048A00B04381 /* Assets.xcassets */ = {isa = PBXFileReference; lastKnownFileType = folder.assetcatalog; path = Assets.xcassets; sourceTree = "<group>"; };
		16F84E9B1EFE048B00B04381 /* Base */ = {isa = PBXFileReference; lastKnownFileType = file.storyboard; name = Base; path = Base.lproj/LaunchScreen.storyboard; sourceTree = "<group>"; };
		16F84E9D1EFE048B00B04381 /* Info.plist */ = {isa = PBXFileReference; lastKnownFileType = text.plist.xml; path = Info.plist; sourceTree = "<group>"; };
/* End PBXFileReference section */

/* Begin PBXFrameworksBuildPhase section */
		16F84E8B1EFE048A00B04381 /* Frameworks */ = {
			isa = PBXFrameworksBuildPhase;
			buildActionMask = 2147483647;
			files = (
			);
			runOnlyForDeploymentPostprocessing = 0;
		};
/* End PBXFrameworksBuildPhase section */

/* Begin PBXGroup section */
		16F84E851EFE048A00B04381 = {
			isa = PBXGroup;
			children = (
				16F84E901EFE048A00B04381 /* uint128-test */,
				16F84E8F1EFE048A00B04381 /* Products */,
			);
			sourceTree = "<group>";
		};
		16F84E8F1EFE048A00B04381 /* Products */ = {
			isa = PBXGroup;
			children = (
				16F84E8E1EFE048A00B04381 /* uint128-test.app */,
			);
			name = Products;
			sourceTree = "<group>";
		};
		16F84E901EFE048A00B04381 /* uint128-test */ = {
			isa = PBXGroup;
			children = (
				16F84E911EFE048A00B04381 /* AppDelegate.swift */,
				16F84E931EFE048A00B04381 /* ViewController.swift */,
				16F84E951EFE048A00B04381 /* Main.storyboard */,
				16F84E981EFE048A00B04381 /* Assets.xcassets */,
				16F84E9A1EFE048B00B04381 /* LaunchScreen.storyboard */,
				16F84E9D1EFE048B00B04381 /* Info.plist */,
			);
			path = "uint128-test";
			sourceTree = "<group>";
		};
/* End PBXGroup section */

/* Begin PBXNativeTarget section */
		16F84E8D1EFE048A00B04381 /* uint128-test */ = {
			isa = PBXNativeTarget;
			buildConfigurationList = 16F84EA01EFE048B00B04381 /* Build configuration list for PBXNativeTarget "uint128-test" */;
			buildPhases = (
				16F84E8A1EFE048A00B04381 /* Sources */,
				16F84E8B1EFE048A00B04381 /* Frameworks */,
				16F84E8C1EFE048A00B04381 /* Resources */,
			);
			buildRules = (
			);
			dependencies = (
			);
			name = "uint128-test";
			productName = "uint128-test";
			productReference = 16F84E8E1EFE048A00B04381 /* uint128-test.app */;
			productType = "com.apple.product-type.application";
		};
/* End PBXNativeTarget section */

/* Begin PBXProject section */
		16F84E861EFE048A00B04381 /* Project object */ = {
			isa = PBXProject;
			attributes = {
				LastSwiftUpdateCheck = 0900;
				LastUpgradeCheck = 0900;
				ORGANIZATIONNAME = test123;
				TargetAttributes = {
					16F84E8D1EFE048A00B04381 = {
						CreatedOnToolsVersion = 9.0;
					};
				};
			};
			buildConfigurationList = 16F84E891EFE048A00B04381 /* Build configuration list for PBXProject "uint128-test" */;
			compatibilityVersion = "Xcode 8.0";
			developmentRegion = en;
			hasScannedForEncodings = 0;
			knownRegions = (
				en,
				Base,
			);
			mainGroup = 16F84E851EFE048A00B04381;
			productRefGroup = 16F84E8F1EFE048A00B04381 /* Products */;
			projectDirPath = "";
			projectRoot = "";
			targets = (
				16F84E8D1EFE048A00B04381 /* uint128-test */,
			);
		};
/* End PBXProject section */

/* Begin PBXResourcesBuildPhase section */
		16F84E8C1EFE048A00B04381 /* Resources */ = {
			isa = PBXResourcesBuildPhase;
			buildActionMask = 2147483647;
			files = (
				16F84E9C1EFE048B00B04381 /* LaunchScreen.storyboard in Resources */,
				16F84E991EFE048A00B04381 /* Assets.xcassets in Resources */,
				16F84E971EFE048A00B04381 /* Main.storyboard in Resources */,
			);
			runOnlyForDeploymentPostprocessing = 0;
		};
/* End PBXResourcesBuildPhase section */

/* Begin PBXSourcesBuildPhase section */
		16F84E8A1EFE048A00B04381 /* Sources */ = {
			isa = PBXSourcesBuildPhase;
			buildActionMask = 2147483647;
			files = (
				16F84E941EFE048A00B04381 /* ViewController.swift in Sources */,
				16F84E921EFE048A00B04381 /* AppDelegate.swift in Sources */,
			);
			runOnlyForDeploymentPostprocessing = 0;
		};
/* End PBXSourcesBuildPhase section */

/* Begin PBXVariantGroup section */
		16F84E951EFE048A00B04381 /* Main.storyboard */ = {
			isa = PBXVariantGroup;
			children = (
				16F84E961EFE048A00B04381 /* Base */,
			);
			name = Main.storyboard;
			sourceTree = "<group>";
		};
		16F84E9A1EFE048B00B04381 /* LaunchScreen.storyboard */ = {
			isa = PBXVariantGroup;
			children = (
				16F84E9B1EFE048B00B04381 /* Base */,
			);
			name = LaunchScreen.storyboard;
			sourceTree = "<group>";
		};
/* End PBXVariantGroup section */

/* Begin XCBuildConfiguration section */
		16F84E9E1EFE048B00B04381 /* Debug */ = {
			isa = XCBuildConfiguration;
			buildSettings = {
				ALWAYS_SEARCH_USER_PATHS = NO;
				CLANG_ANALYZER_NONNULL = YES;
				CLANG_ANALYZER_NUMBER_OBJECT_CONVERSION = YES_AGGRESSIVE;
				CLANG_CXX_LANGUAGE_STANDARD = "gnu++14";
				CLANG_CXX_LIBRARY = "libc++";
				CLANG_ENABLE_MODULES = YES;
				CLANG_ENABLE_OBJC_ARC = YES;
				CLANG_WARN_BLOCK_CAPTURE_AUTORELEASING = YES;
				CLANG_WARN_BOOL_CONVERSION = YES;
				CLANG_WARN_COMMA = YES;
				CLANG_WARN_CONSTANT_CONVERSION = YES;
				CLANG_WARN_DIRECT_OBJC_ISA_USAGE = YES_ERROR;
				CLANG_WARN_DOCUMENTATION_COMMENTS = YES;
				CLANG_WARN_EMPTY_BODY = YES;
				CLANG_WARN_ENUM_CONVERSION = YES;
				CLANG_WARN_INFINITE_RECURSION = YES;
				CLANG_WARN_INT_CONVERSION = YES;
				CLANG_WARN_OBJC_ROOT_CLASS = YES_ERROR;
				CLANG_WARN_RANGE_LOOP_ANALYSIS = YES;
				CLANG_WARN_STRICT_PROTOTYPES = YES;
				CLANG_WARN_SUSPICIOUS_MOVE = YES;
				CLANG_WARN_UNGUARDED_AVAILABILITY = YES_AGGRESSIVE;
				CLANG_WARN_UNREACHABLE_CODE = YES;
				CLANG_WARN__DUPLICATE_METHOD_MATCH = YES;
				CODE_SIGN_IDENTITY = "iPhone Developer";
				COPY_PHASE_STRIP = NO;
				DEBUG_INFORMATION_FORMAT = dwarf;
				ENABLE_STRICT_OBJC_MSGSEND = YES;
				ENABLE_TESTABILITY = YES;
				GCC_C_LANGUAGE_STANDARD = gnu11;
				GCC_DYNAMIC_NO_PIC = NO;
				GCC_NO_COMMON_BLOCKS = YES;
				GCC_OPTIMIZATION_LEVEL = 0;
				GCC_PREPROCESSOR_DEFINITIONS = (
					"DEBUG=1",
					"$(inherited)",
				);
				GCC_WARN_64_TO_32_BIT_CONVERSION = YES;
				GCC_WARN_ABOUT_RETURN_TYPE = YES_ERROR;
				GCC_WARN_UNDECLARED_SELECTOR = YES;
				GCC_WARN_UNINITIALIZED_AUTOS = YES_AGGRESSIVE;
				GCC_WARN_UNUSED_FUNCTION = YES;
				GCC_WARN_UNUSED_VARIABLE = YES;
				IPHONEOS_DEPLOYMENT_TARGET = 11.0;
				MTL_ENABLE_DEBUG_INFO = YES;
				ONLY_ACTIVE_ARCH = YES;
				SDKROOT = iphoneos;
				SWIFT_ACTIVE_COMPILATION_CONDITIONS = DEBUG;
				SWIFT_OPTIMIZATION_LEVEL = "-Onone";
			};
			name = Debug;
		};
		16F84E9F1EFE048B00B04381 /* Release */ = {
			isa = XCBuildConfiguration;
			buildSettings = {
				ALWAYS_SEARCH_USER_PATHS = NO;
				CLANG_ANALYZER_NONNULL = YES;
				CLANG_ANALYZER_NUMBER_OBJECT_CONVERSION = YES_AGGRESSIVE;
				CLANG_CXX_LANGUAGE_STANDARD = "gnu++14";
				CLANG_CXX_LIBRARY = "libc++";
				CLANG_ENABLE_MODULES = YES;
				CLANG_ENABLE_OBJC_ARC = YES;
				CLANG_WARN_BLOCK_CAPTURE_AUTORELEASING = YES;
				CLANG_WARN_BOOL_CONVERSION = YES;
				CLANG_WARN_COMMA = YES;
				CLANG_WARN_CONSTANT_CONVERSION = YES;
				CLANG_WARN_DIRECT_OBJC_ISA_USAGE = YES_ERROR;
				CLANG_WARN_DOCUMENTATION_COMMENTS = YES;
				CLANG_WARN_EMPTY_BODY = YES;
				CLANG_WARN_ENUM_CONVERSION = YES;
				CLANG_WARN_INFINITE_RECURSION = YES;
				CLANG_WARN_INT_CONVERSION = YES;
				CLANG_WARN_OBJC_ROOT_CLASS = YES_ERROR;
				CLANG_WARN_RANGE_LOOP_ANALYSIS = YES;
				CLANG_WARN_STRICT_PROTOTYPES = YES;
				CLANG_WARN_SUSPICIOUS_MOVE = YES;
				CLANG_WARN_UNGUARDED_AVAILABILITY = YES_AGGRESSIVE;
				CLANG_WARN_UNREACHABLE_CODE = YES;
				CLANG_WARN__DUPLICATE_METHOD_MATCH = YES;
				CODE_SIGN_IDENTITY = "iPhone Developer";
				COPY_PHASE_STRIP = NO;
				DEBUG_INFORMATION_FORMAT = "dwarf-with-dsym";
				ENABLE_NS_ASSERTIONS = NO;
				ENABLE_STRICT_OBJC_MSGSEND = YES;
				GCC_C_LANGUAGE_STANDARD = gnu11;
				GCC_NO_COMMON_BLOCKS = YES;
				GCC_WARN_64_TO_32_BIT_CONVERSION = YES;
				GCC_WARN_ABOUT_RETURN_TYPE = YES_ERROR;
				GCC_WARN_UNDECLARED_SELECTOR = YES;
				GCC_WARN_UNINITIALIZED_AUTOS = YES_AGGRESSIVE;
				GCC_WARN_UNUSED_FUNCTION = YES;
				GCC_WARN_UNUSED_VARIABLE = YES;
				IPHONEOS_DEPLOYMENT_TARGET = 11.0;
				MTL_ENABLE_DEBUG_INFO = NO;
				SDKROOT = iphoneos;
				SWIFT_OPTIMIZATION_LEVEL = "-Owholemodule";
				VALIDATE_PRODUCT = YES;
			};
			name = Release;
		};
		16F84EA11EFE048B00B04381 /* Debug */ = {
			isa = XCBuildConfiguration;
			buildSettings = {
				ASSETCATALOG_COMPILER_APPICON_NAME = AppIcon;
				DEVELOPMENT_TEAM = H2X2RB7XHH;
				INFOPLIST_FILE = "uint128-test/Info.plist";
				LD_RUNPATH_SEARCH_PATHS = "$(inherited) @executable_path/Frameworks";
				PRODUCT_BUNDLE_IDENTIFIER = "net.test123.uint128-test";
				PRODUCT_NAME = "$(TARGET_NAME)";
				SWIFT_VERSION = 4.0;
				TARGETED_DEVICE_FAMILY = "1,2";
			};
			name = Debug;
		};
		16F84EA21EFE048B00B04381 /* Release */ = {
			isa = XCBuildConfiguration;
			buildSettings = {
				ASSETCATALOG_COMPILER_APPICON_NAME = AppIcon;
				DEVELOPMENT_TEAM = H2X2RB7XHH;
				INFOPLIST_FILE = "uint128-test/Info.plist";
				LD_RUNPATH_SEARCH_PATHS = "$(inherited) @executable_path/Frameworks";
				PRODUCT_BUNDLE_IDENTIFIER = "net.test123.uint128-test";
				PRODUCT_NAME = "$(TARGET_NAME)";
				SWIFT_VERSION = 4.0;
				TARGETED_DEVICE_FAMILY = "1,2";
			};
			name = Release;
		};
/* End XCBuildConfiguration section */

/* Begin XCConfigurationList section */
		16F84E891EFE048A00B04381 /* Build configuration list for PBXProject "uint128-test" */ = {
			isa = XCConfigurationList;
			buildConfigurations = (
				16F84E9E1EFE048B00B04381 /* Debug */,
				16F84E9F1EFE048B00B04381 /* Release */,
			);
			defaultConfigurationIsVisible = 0;
			defaultConfigurationName = Release;
		};
		16F84EA01EFE048B00B04381 /* Build configuration list for PBXNativeTarget "uint128-test" */ = {
			isa = XCConfigurationList;
			buildConfigurations = (
				16F84EA11EFE048B00B04381 /* Debug */,
				16F84EA21EFE048B00B04381 /* Release */,
			);
			defaultConfigurationIsVisible = 0;
		};
/* End XCConfigurationList section */
	};
	rootObject = 16F84E861EFE048A00B04381 /* Project object */;
}
